
Microsoft Visual Studio Solution File, Format Version 12.00
# Visual Studio Version 17
VisualStudioVersion = 17.13.35828.75
MinimumVisualStudioVersion = 10.0.40219.1
Project("{2150E333-8FDC-42A3-9474-1A3956D46DE8}") = "솔루션 항목", "솔루션 항목", "{2A3A057F-5D22-31FD-628C-DF5EF75AEF1E}"
EndProject
Project("{8BC9CEB8-8B4A-11D0-8D11-00A0C91BC942}") = "DirectX_3D_Lilbrary", "DirectX_3D_Lilbrary\DirectX_3D_Lilbrary.vcxproj", "{88610A5D-0998-4BBB-B0ED-DBDD865E9E29}"
EndProject
Project("{8BC9CEB8-8B4A-11D0-8D11-00A0C91BC942}") = "D3D_Practice", "D3D_Practice\D3D_Practice.vcxproj", "{58C74B04-58C2-4360-B5C3-24022594C9B9}"
EndProject
Project("{8BC9CEB8-8B4A-11D0-8D11-00A0C91BC942}") = "D3D_Practice_6thWeek", "D3D_Practice_6thWeek\D3D_Practice_6thWeek.vcxproj", "{C14CC189-95B4-4368-8388-175616FBAA48}"
EndProject
Project("{8BC9CEB8-8B4A-11D0-8D11-00A0C91BC942}") = "D3D_Practice_7thWeek", "D3D_Practice_7thWeek\D3D_Practice_7thWeek.vcxproj", "{894A589A-F297-461A-A93D-E1C79BA5CFF6}"
EndProject
Project("{8BC9CEB8-8B4A-11D0-8D11-00A0C91BC942}") = "D3D_Practice_8thWeek", "D3D_Practice_8thWeek\D3D_Practice_8thWeek.vcxproj", "{D5A8B959-67CA-4516-B0D7-2AB136C94A8B}"
EndProject
Project("{8BC9CEB8-8B4A-11D0-8D11-00A0C91BC942}") = "D3D_Practice_ToonShading", "D3D_Practice_ToonShading\D3D_Practice_ToonShading.vcxproj", "{2FB6B257-C539-488B-A808-3EBC4156E53F}"
EndProject
Project("{8BC9CEB8-8B4A-11D0-8D11-00A0C91BC942}") = "D3D_Practice_9thWeek", "D3D_Practice_9thWeek\D3D_Practice_9thWeek.vcxproj", "{25854FD9-CA28-4AD7-8DE2-37D64865C255}"
EndProject
Project("{8BC9CEB8-8B4A-11D0-8D11-00A0C91BC942}") = "D3D_4Q_1st", "D3D_4Q_1st\D3D_4Q_1st.vcxproj", "{0B8235AE-6329-43A8-B79C-C26B171FC1AD}"
EndProject
Project("{8BC9CEB8-8B4A-11D0-8D11-00A0C91BC942}") = "D3D_4Q_2nd", "D3D_4Q_2nd\D3D_4Q_2nd.vcxproj", "{C446F702-0530-4288-BFDB-ADD8B1133AFE}"
EndProject
Global
	GlobalSection(SolutionConfigurationPlatforms) = preSolution
		Debug|x64 = Debug|x64
		Debug|x86 = Debug|x86
		Release|x64 = Release|x64
		Release|x86 = Release|x86
	EndGlobalSection
	GlobalSection(ProjectConfigurationPlatforms) = postSolution
		{88610A5D-0998-4BBB-B0ED-DBDD865E9E29}.Debug|x64.ActiveCfg = Debug|x64
		{88610A5D-0998-4BBB-B0ED-DBDD865E9E29}.Debug|x64.Build.0 = Debug|x64
		{88610A5D-0998-4BBB-B0ED-DBDD865E9E29}.Debug|x86.ActiveCfg = Debug|Win32
		{88610A5D-0998-4BBB-B0ED-DBDD865E9E29}.Debug|x86.Build.0 = Debug|Win32
		{88610A5D-0998-4BBB-B0ED-DBDD865E9E29}.Release|x64.ActiveCfg = Release|x64
		{88610A5D-0998-4BBB-B0ED-DBDD865E9E29}.Release|x64.Build.0 = Release|x64
		{88610A5D-0998-4BBB-B0ED-DBDD865E9E29}.Release|x86.ActiveCfg = Release|Win32
		{88610A5D-0998-4BBB-B0ED-DBDD865E9E29}.Release|x86.Build.0 = Release|Win32
		{58C74B04-58C2-4360-B5C3-24022594C9B9}.Debug|x64.ActiveCfg = Debug|x64
		{58C74B04-58C2-4360-B5C3-24022594C9B9}.Debug|x64.Build.0 = Debug|x64
		{58C74B04-58C2-4360-B5C3-24022594C9B9}.Debug|x86.ActiveCfg = Debug|Win32
		{58C74B04-58C2-4360-B5C3-24022594C9B9}.Debug|x86.Build.0 = Debug|Win32
		{58C74B04-58C2-4360-B5C3-24022594C9B9}.Release|x64.ActiveCfg = Release|x64
		{58C74B04-58C2-4360-B5C3-24022594C9B9}.Release|x64.Build.0 = Release|x64
		{58C74B04-58C2-4360-B5C3-24022594C9B9}.Release|x86.ActiveCfg = Release|Win32
		{58C74B04-58C2-4360-B5C3-24022594C9B9}.Release|x86.Build.0 = Release|Win32
		{C14CC189-95B4-4368-8388-175616FBAA48}.Debug|x64.ActiveCfg = Debug|x64
		{C14CC189-95B4-4368-8388-175616FBAA48}.Debug|x64.Build.0 = Debug|x64
		{C14CC189-95B4-4368-8388-175616FBAA48}.Debug|x86.ActiveCfg = Debug|Win32
		{C14CC189-95B4-4368-8388-175616FBAA48}.Debug|x86.Build.0 = Debug|Win32
		{C14CC189-95B4-4368-8388-175616FBAA48}.Release|x64.ActiveCfg = Release|x64
		{C14CC189-95B4-4368-8388-175616FBAA48}.Release|x64.Build.0 = Release|x64
		{C14CC189-95B4-4368-8388-175616FBAA48}.Release|x86.ActiveCfg = Release|Win32
		{C14CC189-95B4-4368-8388-175616FBAA48}.Release|x86.Build.0 = Release|Win32
		{894A589A-F297-461A-A93D-E1C79BA5CFF6}.Debug|x64.ActiveCfg = Debug|x64
		{894A589A-F297-461A-A93D-E1C79BA5CFF6}.Debug|x64.Build.0 = Debug|x64
		{894A589A-F297-461A-A93D-E1C79BA5CFF6}.Debug|x86.ActiveCfg = Debug|Win32
		{894A589A-F297-461A-A93D-E1C79BA5CFF6}.Debug|x86.Build.0 = Debug|Win32
		{894A589A-F297-461A-A93D-E1C79BA5CFF6}.Release|x64.ActiveCfg = Release|x64
		{894A589A-F297-461A-A93D-E1C79BA5CFF6}.Release|x64.Build.0 = Release|x64
		{894A589A-F297-461A-A93D-E1C79BA5CFF6}.Release|x86.ActiveCfg = Release|Win32
		{894A589A-F297-461A-A93D-E1C79BA5CFF6}.Release|x86.Build.0 = Release|Win32
		{D5A8B959-67CA-4516-B0D7-2AB136C94A8B}.Debug|x64.ActiveCfg = Debug|x64
		{D5A8B959-67CA-4516-B0D7-2AB136C94A8B}.Debug|x64.Build.0 = Debug|x64
		{D5A8B959-67CA-4516-B0D7-2AB136C94A8B}.Debug|x86.ActiveCfg = Debug|Win32
		{D5A8B959-67CA-4516-B0D7-2AB136C94A8B}.Debug|x86.Build.0 = Debug|Win32
		{D5A8B959-67CA-4516-B0D7-2AB136C94A8B}.Release|x64.ActiveCfg = Release|x64
		{D5A8B959-67CA-4516-B0D7-2AB136C94A8B}.Release|x64.Build.0 = Release|x64
		{D5A8B959-67CA-4516-B0D7-2AB136C94A8B}.Release|x86.ActiveCfg = Release|Win32
		{D5A8B959-67CA-4516-B0D7-2AB136C94A8B}.Release|x86.Build.0 = Release|Win32
		{2FB6B257-C539-488B-A808-3EBC4156E53F}.Debug|x64.ActiveCfg = Debug|x64
		{2FB6B257-C539-488B-A808-3EBC4156E53F}.Debug|x64.Build.0 = Debug|x64
		{2FB6B257-C539-488B-A808-3EBC4156E53F}.Debug|x86.ActiveCfg = Debug|Win32
		{2FB6B257-C539-488B-A808-3EBC4156E53F}.Debug|x86.Build.0 = Debug|Win32
		{2FB6B257-C539-488B-A808-3EBC4156E53F}.Release|x64.ActiveCfg = Release|x64
		{2FB6B257-C539-488B-A808-3EBC4156E53F}.Release|x64.Build.0 = Release|x64
		{2FB6B257-C539-488B-A808-3EBC4156E53F}.Release|x86.ActiveCfg = Release|Win32
		{2FB6B257-C539-488B-A808-3EBC4156E53F}.Release|x86.Build.0 = Release|Win32
		{25854FD9-CA28-4AD7-8DE2-37D64865C255}.Debug|x64.ActiveCfg = Debug|x64
		{25854FD9-CA28-4AD7-8DE2-37D64865C255}.Debug|x64.Build.0 = Debug|x64
		{25854FD9-CA28-4AD7-8DE2-37D64865C255}.Debug|x86.ActiveCfg = Debug|Win32
		{25854FD9-CA28-4AD7-8DE2-37D64865C255}.Debug|x86.Build.0 = Debug|Win32
		{25854FD9-CA28-4AD7-8DE2-37D64865C255}.Release|x64.ActiveCfg = Release|x64
		{25854FD9-CA28-4AD7-8DE2-37D64865C255}.Release|x64.Build.0 = Release|x64
		{25854FD9-CA28-4AD7-8DE2-37D64865C255}.Release|x86.ActiveCfg = Release|Win32
		{25854FD9-CA28-4AD7-8DE2-37D64865C255}.Release|x86.Build.0 = Release|Win32
		{0B8235AE-6329-43A8-B79C-C26B171FC1AD}.Debug|x64.ActiveCfg = Debug|x64
		{0B8235AE-6329-43A8-B79C-C26B171FC1AD}.Debug|x64.Build.0 = Debug|x64
		{0B8235AE-6329-43A8-B79C-C26B171FC1AD}.Debug|x86.ActiveCfg = Debug|Win32
		{0B8235AE-6329-43A8-B79C-C26B171FC1AD}.Debug|x86.Build.0 = Debug|Win32
		{0B8235AE-6329-43A8-B79C-C26B171FC1AD}.Release|x64.ActiveCfg = Release|x64
		{0B8235AE-6329-43A8-B79C-C26B171FC1AD}.Release|x64.Build.0 = Release|x64
		{0B8235AE-6329-43A8-B79C-C26B171FC1AD}.Release|x86.ActiveCfg = Release|Win32
		{0B8235AE-6329-43A8-B79C-C26B171FC1AD}.Release|x86.Build.0 = Release|Win32
		{C446F702-0530-4288-BFDB-ADD8B1133AFE}.Debug|x64.ActiveCfg = Debug|x64
		{C446F702-0530-4288-BFDB-ADD8B1133AFE}.Debug|x64.Build.0 = Debug|x64
		{C446F702-0530-4288-BFDB-ADD8B1133AFE}.Debug|x86.ActiveCfg = Debug|Win32
		{C446F702-0530-4288-BFDB-ADD8B1133AFE}.Debug|x86.Build.0 = Debug|Win32
		{C446F702-0530-4288-BFDB-ADD8B1133AFE}.Release|x64.ActiveCfg = Release|x64
		{C446F702-0530-4288-BFDB-ADD8B1133AFE}.Release|x64.Build.0 = Release|x64
		{C446F702-0530-4288-BFDB-ADD8B1133AFE}.Release|x86.ActiveCfg = Release|Win32
		{C446F702-0530-4288-BFDB-ADD8B1133AFE}.Release|x86.Build.0 = Release|Win32
	EndGlobalSection
	GlobalSection(SolutionProperties) = preSolution
		HideSolutionNode = FALSE
	EndGlobalSection
	GlobalSection(ExtensibilityGlobals) = postSolution
		SolutionGuid = {0EFBA117-7504-4ACD-AB9A-9A5C1B402053}
	EndGlobalSection
EndGlobal
